
Microsoft Visual Studio Solution File, Format Version 12.00
# Visual Studio Version 16
VisualStudioVersion = 16.0.29609.76
MinimumVisualStudioVersion = 10.0.40219.1
Project("{9A19103F-16F7-4668-BE54-9A1E7A4F7556}") = "SDAE.Api", "SDAE.Api\SDAE.Api.csproj", "{8E307826-5EA0-4D17-B9C5-FBFCAE530715}"
EndProject
Project("{9A19103F-16F7-4668-BE54-9A1E7A4F7556}") = "SDAE.Api.Application", "SDAE.Api.Application\SDAE.Api.Application.csproj", "{9C6D7040-6409-4047-8D63-D084E3E162AA}"
EndProject
Project("{9A19103F-16F7-4668-BE54-9A1E7A4F7556}") = "SDAE.Common", "SDAE.Common\SDAE.Common.csproj", "{C9C88219-EC79-46CA-9373-C52D18D8FF70}"
EndProject
Project("{9A19103F-16F7-4668-BE54-9A1E7A4F7556}") = "SDAE.Data", "SDAE.Data\SDAE.Data.csproj", "{86DB426C-E1B8-4DDD-9190-14AFEF1A27A3}"
EndProject
Project("{9A19103F-16F7-4668-BE54-9A1E7A4F7556}") = "SDAE.Data.Model", "SDAE.Data.Model\SDAE.Data.Model.csproj", "{33502783-AC5C-40BE-909C-CC101268B23F}"
EndProject
Global
	GlobalSection(SolutionConfigurationPlatforms) = preSolution
		Debug|Any CPU = Debug|Any CPU
		Release|Any CPU = Release|Any CPU
	EndGlobalSection
	GlobalSection(ProjectConfigurationPlatforms) = postSolution
		{8E307826-5EA0-4D17-B9C5-FBFCAE530715}.Debug|Any CPU.ActiveCfg = Debug|Any CPU
		{8E307826-5EA0-4D17-B9C5-FBFCAE530715}.Debug|Any CPU.Build.0 = Debug|Any CPU
		{8E307826-5EA0-4D17-B9C5-FBFCAE530715}.Release|Any CPU.ActiveCfg = Release|Any CPU
		{8E307826-5EA0-4D17-B9C5-FBFCAE530715}.Release|Any CPU.Build.0 = Release|Any CPU
		{9C6D7040-6409-4047-8D63-D084E3E162AA}.Debug|Any CPU.ActiveCfg = Debug|Any CPU
		{9C6D7040-6409-4047-8D63-D084E3E162AA}.Debug|Any CPU.Build.0 = Debug|Any CPU
		{9C6D7040-6409-4047-8D63-D084E3E162AA}.Release|Any CPU.ActiveCfg = Release|Any CPU
		{9C6D7040-6409-4047-8D63-D084E3E162AA}.Release|Any CPU.Build.0 = Release|Any CPU
		{C9C88219-EC79-46CA-9373-C52D18D8FF70}.Debug|Any CPU.ActiveCfg = Debug|Any CPU
		{C9C88219-EC79-46CA-9373-C52D18D8FF70}.Debug|Any CPU.Build.0 = Debug|Any CPU
		{C9C88219-EC79-46CA-9373-C52D18D8FF70}.Release|Any CPU.ActiveCfg = Release|Any CPU
		{C9C88219-EC79-46CA-9373-C52D18D8FF70}.Release|Any CPU.Build.0 = Release|Any CPU
		{86DB426C-E1B8-4DDD-9190-14AFEF1A27A3}.Debug|Any CPU.ActiveCfg = Debug|Any CPU
		{86DB426C-E1B8-4DDD-9190-14AFEF1A27A3}.Debug|Any CPU.Build.0 = Debug|Any CPU
		{86DB426C-E1B8-4DDD-9190-14AFEF1A27A3}.Release|Any CPU.ActiveCfg = Release|Any CPU
		{86DB426C-E1B8-4DDD-9190-14AFEF1A27A3}.Release|Any CPU.Build.0 = Release|Any CPU
		{33502783-AC5C-40BE-909C-CC101268B23F}.Debug|Any CPU.ActiveCfg = Debug|Any CPU
		{33502783-AC5C-40BE-909C-CC101268B23F}.Debug|Any CPU.Build.0 = Debug|Any CPU
		{33502783-AC5C-40BE-909C-CC101268B23F}.Release|Any CPU.ActiveCfg = Release|Any CPU
		{33502783-AC5C-40BE-909C-CC101268B23F}.Release|Any CPU.Build.0 = Release|Any CPU
	EndGlobalSection
	GlobalSection(SolutionProperties) = preSolution
		HideSolutionNode = FALSE
	EndGlobalSection
	GlobalSection(ExtensibilityGlobals) = postSolution
		SolutionGuid = {7CFD4859-9C7D-4573-938D-1DA78CD218B5}
	EndGlobalSection
EndGlobal
